// !$*UTF8*$!
{
	archiveVersion = 1;
	classes = {
	};
	objectVersion = 46;
	objects = {

/* Begin PBXBuildFile section */
		7E27537A1945795A007B2EEA /* Foundation.framework in Frameworks */ = {isa = PBXBuildFile; fileRef = 7E2753791945795A007B2EEA /* Foundation.framework */; };
		7E27537C1945795A007B2EEA /* CoreGraphics.framework in Frameworks */ = {isa = PBXBuildFile; fileRef = 7E27537B1945795A007B2EEA /* CoreGraphics.framework */; };
		7E27537E1945795A007B2EEA /* UIKit.framework in Frameworks */ = {isa = PBXBuildFile; fileRef = 7E27537D1945795A007B2EEA /* UIKit.framework */; };
		7E2753841945795A007B2EEA /* InfoPlist.strings in Resources */ = {isa = PBXBuildFile; fileRef = 7E2753821945795A007B2EEA /* InfoPlist.strings */; };
		7E2753861945795A007B2EEA /* main.m in Sources */ = {isa = PBXBuildFile; fileRef = 7E2753851945795A007B2EEA /* main.m */; };
		7E27538A1945795A007B2EEA /* AppDelegate.m in Sources */ = {isa = PBXBuildFile; fileRef = 7E2753891945795A007B2EEA /* AppDelegate.m */; };
		7E27538C1945795A007B2EEA /* Images.xcassets in Resources */ = {isa = PBXBuildFile; fileRef = 7E27538B1945795A007B2EEA /* Images.xcassets */; };
		7E2753931945795A007B2EEA /* XCTest.framework in Frameworks */ = {isa = PBXBuildFile; fileRef = 7E2753921945795A007B2EEA /* XCTest.framework */; };
		7E2753941945795A007B2EEA /* Foundation.framework in Frameworks */ = {isa = PBXBuildFile; fileRef = 7E2753791945795A007B2EEA /* Foundation.framework */; };
		7E2753951945795A007B2EEA /* UIKit.framework in Frameworks */ = {isa = PBXBuildFile; fileRef = 7E27537D1945795A007B2EEA /* UIKit.framework */; };
		7E27539D1945795A007B2EEA /* InfoPlist.strings in Resources */ = {isa = PBXBuildFile; fileRef = 7E27539B1945795A007B2EEA /* InfoPlist.strings */; };
		7E27539F1945795A007B2EEA /* RottenTomatoesTests.m in Sources */ = {isa = PBXBuildFile; fileRef = 7E27539E1945795A007B2EEA /* RottenTomatoesTests.m */; };
		7E2753AB194579C3007B2EEA /* MoviesViewController.m in Sources */ = {isa = PBXBuildFile; fileRef = 7E2753A9194579C3007B2EEA /* MoviesViewController.m */; };
		7E2753AC194579C3007B2EEA /* MoviesViewController.xib in Resources */ = {isa = PBXBuildFile; fileRef = 7E2753AA194579C3007B2EEA /* MoviesViewController.xib */; };
		7E2753B0194582BE007B2EEA /* MoviesCell.m in Sources */ = {isa = PBXBuildFile; fileRef = 7E2753AE194582BE007B2EEA /* MoviesCell.m */; };
		7E2753B1194582BE007B2EEA /* MoviesCell.xib in Resources */ = {isa = PBXBuildFile; fileRef = 7E2753AF194582BE007B2EEA /* MoviesCell.xib */; };
/* End PBXBuildFile section */

/* Begin PBXContainerItemProxy section */
		7E2753961945795A007B2EEA /* PBXContainerItemProxy */ = {
			isa = PBXContainerItemProxy;
			containerPortal = 7E27536E1945795A007B2EEA /* Project object */;
			proxyType = 1;
			remoteGlobalIDString = 7E2753751945795A007B2EEA;
			remoteInfo = RottenTomatoes;
		};
/* End PBXContainerItemProxy section */

/* Begin PBXFileReference section */
		7E2753761945795A007B2EEA /* RottenTomatoes.app */ = {isa = PBXFileReference; explicitFileType = wrapper.application; includeInIndex = 0; path = RottenTomatoes.app; sourceTree = BUILT_PRODUCTS_DIR; };
		7E2753791945795A007B2EEA /* Foundation.framework */ = {isa = PBXFileReference; lastKnownFileType = wrapper.framework; name = Foundation.framework; path = System/Library/Frameworks/Foundation.framework; sourceTree = SDKROOT; };
		7E27537B1945795A007B2EEA /* CoreGraphics.framework */ = {isa = PBXFileReference; lastKnownFileType = wrapper.framework; name = CoreGraphics.framework; path = System/Library/Frameworks/CoreGraphics.framework; sourceTree = SDKROOT; };
		7E27537D1945795A007B2EEA /* UIKit.framework */ = {isa = PBXFileReference; lastKnownFileType = wrapper.framework; name = UIKit.framework; path = System/Library/Frameworks/UIKit.framework; sourceTree = SDKROOT; };
		7E2753811945795A007B2EEA /* RottenTomatoes-Info.plist */ = {isa = PBXFileReference; lastKnownFileType = text.plist.xml; path = "RottenTomatoes-Info.plist"; sourceTree = "<group>"; };
		7E2753831945795A007B2EEA /* en */ = {isa = PBXFileReference; lastKnownFileType = text.plist.strings; name = en; path = en.lproj/InfoPlist.strings; sourceTree = "<group>"; };
		7E2753851945795A007B2EEA /* main.m */ = {isa = PBXFileReference; lastKnownFileType = sourcecode.c.objc; path = main.m; sourceTree = "<group>"; };
		7E2753871945795A007B2EEA /* RottenTomatoes-Prefix.pch */ = {isa = PBXFileReference; lastKnownFileType = sourcecode.c.h; path = "RottenTomatoes-Prefix.pch"; sourceTree = "<group>"; };
		7E2753881945795A007B2EEA /* AppDelegate.h */ = {isa = PBXFileReference; lastKnownFileType = sourcecode.c.h; path = AppDelegate.h; sourceTree = "<group>"; };
		7E2753891945795A007B2EEA /* AppDelegate.m */ = {isa = PBXFileReference; lastKnownFileType = sourcecode.c.objc; path = AppDelegate.m; sourceTree = "<group>"; };
		7E27538B1945795A007B2EEA /* Images.xcassets */ = {isa = PBXFileReference; lastKnownFileType = folder.assetcatalog; path = Images.xcassets; sourceTree = "<group>"; };
		7E2753911945795A007B2EEA /* RottenTomatoesTests.xctest */ = {isa = PBXFileReference; explicitFileType = wrapper.cfbundle; includeInIndex = 0; path = RottenTomatoesTests.xctest; sourceTree = BUILT_PRODUCTS_DIR; };
		7E2753921945795A007B2EEA /* XCTest.framework */ = {isa = PBXFileReference; lastKnownFileType = wrapper.framework; name = XCTest.framework; path = Library/Frameworks/XCTest.framework; sourceTree = DEVELOPER_DIR; };
		7E27539A1945795A007B2EEA /* RottenTomatoesTests-Info.plist */ = {isa = PBXFileReference; lastKnownFileType = text.plist.xml; path = "RottenTomatoesTests-Info.plist"; sourceTree = "<group>"; };
		7E27539C1945795A007B2EEA /* en */ = {isa = PBXFileReference; lastKnownFileType = text.plist.strings; name = en; path = en.lproj/InfoPlist.strings; sourceTree = "<group>"; };
		7E27539E1945795A007B2EEA /* RottenTomatoesTests.m */ = {isa = PBXFileReference; lastKnownFileType = sourcecode.c.objc; path = RottenTomatoesTests.m; sourceTree = "<group>"; };
		7E2753A8194579C3007B2EEA /* MoviesViewController.h */ = {isa = PBXFileReference; fileEncoding = 4; lastKnownFileType = sourcecode.c.h; path = MoviesViewController.h; sourceTree = "<group>"; };
		7E2753A9194579C3007B2EEA /* MoviesViewController.m */ = {isa = PBXFileReference; fileEncoding = 4; lastKnownFileType = sourcecode.c.objc; path = MoviesViewController.m; sourceTree = "<group>"; };
		7E2753AA194579C3007B2EEA /* MoviesViewController.xib */ = {isa = PBXFileReference; fileEncoding = 4; lastKnownFileType = file.xib; path = MoviesViewController.xib; sourceTree = "<group>"; };
		7E2753AD194582BE007B2EEA /* MoviesCell.h */ = {isa = PBXFileReference; fileEncoding = 4; lastKnownFileType = sourcecode.c.h; path = MoviesCell.h; sourceTree = "<group>"; };
		7E2753AE194582BE007B2EEA /* MoviesCell.m */ = {isa = PBXFileReference; fileEncoding = 4; lastKnownFileType = sourcecode.c.objc; path = MoviesCell.m; sourceTree = "<group>"; };
		7E2753AF194582BE007B2EEA /* MoviesCell.xib */ = {isa = PBXFileReference; fileEncoding = 4; lastKnownFileType = file.xib; path = MoviesCell.xib; sourceTree = "<group>"; };
/* End PBXFileReference section */

/* Begin PBXFrameworksBuildPhase section */
		7E2753731945795A007B2EEA /* Frameworks */ = {
			isa = PBXFrameworksBuildPhase;
			buildActionMask = 2147483647;
			files = (
				7E27537C1945795A007B2EEA /* CoreGraphics.framework in Frameworks */,
				7E27537E1945795A007B2EEA /* UIKit.framework in Frameworks */,
				7E27537A1945795A007B2EEA /* Foundation.framework in Frameworks */,
			);
			runOnlyForDeploymentPostprocessing = 0;
		};
		7E27538E1945795A007B2EEA /* Frameworks */ = {
			isa = PBXFrameworksBuildPhase;
			buildActionMask = 2147483647;
			files = (
				7E2753931945795A007B2EEA /* XCTest.framework in Frameworks */,
				7E2753951945795A007B2EEA /* UIKit.framework in Frameworks */,
				7E2753941945795A007B2EEA /* Foundation.framework in Frameworks */,
			);
			runOnlyForDeploymentPostprocessing = 0;
		};
/* End PBXFrameworksBuildPhase section */

/* Begin PBXGroup section */
		7E27536D1945795A007B2EEA = {
			isa = PBXGroup;
			children = (
				7E27537F1945795A007B2EEA /* RottenTomatoes */,
				7E2753981945795A007B2EEA /* RottenTomatoesTests */,
				7E2753781945795A007B2EEA /* Frameworks */,
				7E2753771945795A007B2EEA /* Products */,
			);
			sourceTree = "<group>";
		};
		7E2753771945795A007B2EEA /* Products */ = {
			isa = PBXGroup;
			children = (
				7E2753761945795A007B2EEA /* RottenTomatoes.app */,
				7E2753911945795A007B2EEA /* RottenTomatoesTests.xctest */,
			);
			name = Products;
			sourceTree = "<group>";
		};
		7E2753781945795A007B2EEA /* Frameworks */ = {
			isa = PBXGroup;
			children = (
				7E2753791945795A007B2EEA /* Foundation.framework */,
				7E27537B1945795A007B2EEA /* CoreGraphics.framework */,
				7E27537D1945795A007B2EEA /* UIKit.framework */,
				7E2753921945795A007B2EEA /* XCTest.framework */,
			);
			name = Frameworks;
			sourceTree = "<group>";
		};
		7E27537F1945795A007B2EEA /* RottenTomatoes */ = {
			isa = PBXGroup;
			children = (
				7E2753881945795A007B2EEA /* AppDelegate.h */,
				7E2753891945795A007B2EEA /* AppDelegate.m */,
				7E27538B1945795A007B2EEA /* Images.xcassets */,
				7E2753801945795A007B2EEA /* Supporting Files */,
				7E2753A8194579C3007B2EEA /* MoviesViewController.h */,
				7E2753A9194579C3007B2EEA /* MoviesViewController.m */,
				7E2753AA194579C3007B2EEA /* MoviesViewController.xib */,
				7E2753AD194582BE007B2EEA /* MoviesCell.h */,
				7E2753AE194582BE007B2EEA /* MoviesCell.m */,
				7E2753AF194582BE007B2EEA /* MoviesCell.xib */,
			);
			path = RottenTomatoes;
			sourceTree = "<group>";
		};
		7E2753801945795A007B2EEA /* Supporting Files */ = {
			isa = PBXGroup;
			children = (
				7E2753811945795A007B2EEA /* RottenTomatoes-Info.plist */,
				7E2753821945795A007B2EEA /* InfoPlist.strings */,
				7E2753851945795A007B2EEA /* main.m */,
				7E2753871945795A007B2EEA /* RottenTomatoes-Prefix.pch */,
			);
			name = "Supporting Files";
			sourceTree = "<group>";
		};
		7E2753981945795A007B2EEA /* RottenTomatoesTests */ = {
			isa = PBXGroup;
			children = (
				7E27539E1945795A007B2EEA /* RottenTomatoesTests.m */,
				7E2753991945795A007B2EEA /* Supporting Files */,
			);
			path = RottenTomatoesTests;
			sourceTree = "<group>";
		};
		7E2753991945795A007B2EEA /* Supporting Files */ = {
			isa = PBXGroup;
			children = (
				7E27539A1945795A007B2EEA /* RottenTomatoesTests-Info.plist */,
				7E27539B1945795A007B2EEA /* InfoPlist.strings */,
			);
			name = "Supporting Files";
			sourceTree = "<group>";
		};
/* End PBXGroup section */

/* Begin PBXNativeTarget section */
		7E2753751945795A007B2EEA /* RottenTomatoes */ = {
			isa = PBXNativeTarget;
			buildConfigurationList = 7E2753A21945795A007B2EEA /* Build configuration list for PBXNativeTarget "RottenTomatoes" */;
			buildPhases = (
				7E2753721945795A007B2EEA /* Sources */,
				7E2753731945795A007B2EEA /* Frameworks */,
				7E2753741945795A007B2EEA /* Resources */,
			);
			buildRules = (
			);
			dependencies = (
			);
			name = RottenTomatoes;
			productName = RottenTomatoes;
			productReference = 7E2753761945795A007B2EEA /* RottenTomatoes.app */;
			productType = "com.apple.product-type.application";
		};
		7E2753901945795A007B2EEA /* RottenTomatoesTests */ = {
			isa = PBXNativeTarget;
			buildConfigurationList = 7E2753A51945795A007B2EEA /* Build configuration list for PBXNativeTarget "RottenTomatoesTests" */;
			buildPhases = (
				7E27538D1945795A007B2EEA /* Sources */,
				7E27538E1945795A007B2EEA /* Frameworks */,
				7E27538F1945795A007B2EEA /* Resources */,
			);
			buildRules = (
			);
			dependencies = (
				7E2753971945795A007B2EEA /* PBXTargetDependency */,
			);
			name = RottenTomatoesTests;
			productName = RottenTomatoesTests;
			productReference = 7E2753911945795A007B2EEA /* RottenTomatoesTests.xctest */;
			productType = "com.apple.product-type.bundle.unit-test";
		};
/* End PBXNativeTarget section */

/* Begin PBXProject section */
		7E27536E1945795A007B2EEA /* Project object */ = {
			isa = PBXProject;
			attributes = {
				LastUpgradeCheck = 0510;
				ORGANIZATIONNAME = tkrishna;
				TargetAttributes = {
					7E2753901945795A007B2EEA = {
						TestTargetID = 7E2753751945795A007B2EEA;
					};
				};
			};
			buildConfigurationList = 7E2753711945795A007B2EEA /* Build configuration list for PBXProject "RottenTomatoes" */;
			compatibilityVersion = "Xcode 3.2";
			developmentRegion = English;
			hasScannedForEncodings = 0;
			knownRegions = (
				en,
			);
			mainGroup = 7E27536D1945795A007B2EEA;
			productRefGroup = 7E2753771945795A007B2EEA /* Products */;
			projectDirPath = "";
			projectRoot = "";
			targets = (
				7E2753751945795A007B2EEA /* RottenTomatoes */,
				7E2753901945795A007B2EEA /* RottenTomatoesTests */,
			);
		};
/* End PBXProject section */

/* Begin PBXResourcesBuildPhase section */
		7E2753741945795A007B2EEA /* Resources */ = {
			isa = PBXResourcesBuildPhase;
			buildActionMask = 2147483647;
			files = (
				7E2753841945795A007B2EEA /* InfoPlist.strings in Resources */,
				7E2753AC194579C3007B2EEA /* MoviesViewController.xib in Resources */,
				7E2753B1194582BE007B2EEA /* MoviesCell.xib in Resources */,
				7E27538C1945795A007B2EEA /* Images.xcassets in Resources */,
			);
			runOnlyForDeploymentPostprocessing = 0;
		};
		7E27538F1945795A007B2EEA /* Resources */ = {
			isa = PBXResourcesBuildPhase;
			buildActionMask = 2147483647;
			files = (
				7E27539D1945795A007B2EEA /* InfoPlist.strings in Resources */,
			);
			runOnlyForDeploymentPostprocessing = 0;
		};
/* End PBXResourcesBuildPhase section */

/* Begin PBXSourcesBuildPhase section */
		7E2753721945795A007B2EEA /* Sources */ = {
			isa = PBXSourcesBuildPhase;
			buildActionMask = 2147483647;
			files = (
				7E2753AB194579C3007B2EEA /* MoviesViewController.m in Sources */,
				7E27538A1945795A007B2EEA /* AppDelegate.m in Sources */,
				7E2753B0194582BE007B2EEA /* MoviesCell.m in Sources */,
				7E2753861945795A007B2EEA /* main.m in Sources */,
			);
			runOnlyForDeploymentPostprocessing = 0;
		};
		7E27538D1945795A007B2EEA /* Sources */ = {
			isa = PBXSourcesBuildPhase;
			buildActionMask = 2147483647;
			files = (
				7E27539F1945795A007B2EEA /* RottenTomatoesTests.m in Sources */,
			);
			runOnlyForDeploymentPostprocessing = 0;
		};
/* End PBXSourcesBuildPhase section */

/* Begin PBXTargetDependency section */
		7E2753971945795A007B2EEA /* PBXTargetDependency */ = {
			isa = PBXTargetDependency;
			target = 7E2753751945795A007B2EEA /* RottenTomatoes */;
			targetProxy = 7E2753961945795A007B2EEA /* PBXContainerItemProxy */;
		};
/* End PBXTargetDependency section */

/* Begin PBXVariantGroup section */
		7E2753821945795A007B2EEA /* InfoPlist.strings */ = {
			isa = PBXVariantGroup;
			children = (
				7E2753831945795A007B2EEA /* en */,
			);
			name = InfoPlist.strings;
			sourceTree = "<group>";
		};
		7E27539B1945795A007B2EEA /* InfoPlist.strings */ = {
			isa = PBXVariantGroup;
			children = (
				7E27539C1945795A007B2EEA /* en */,
			);
			name = InfoPlist.strings;
			sourceTree = "<group>";
		};
/* End PBXVariantGroup section */

/* Begin XCBuildConfiguration section */
		7E2753A01945795A007B2EEA /* Debug */ = {
			isa = XCBuildConfiguration;
			buildSettings = {
				ALWAYS_SEARCH_USER_PATHS = NO;
				CLANG_CXX_LANGUAGE_STANDARD = "gnu++0x";
				CLANG_CXX_LIBRARY = "libc++";
				CLANG_ENABLE_MODULES = YES;
				CLANG_ENABLE_OBJC_ARC = YES;
				CLANG_WARN_BOOL_CONVERSION = YES;
				CLANG_WARN_CONSTANT_CONVERSION = YES;
				CLANG_WARN_DIRECT_OBJC_ISA_USAGE = YES_ERROR;
				CLANG_WARN_EMPTY_BODY = YES;
				CLANG_WARN_ENUM_CONVERSION = YES;
				CLANG_WARN_INT_CONVERSION = YES;
				CLANG_WARN_OBJC_ROOT_CLASS = YES_ERROR;
				CLANG_WARN__DUPLICATE_METHOD_MATCH = YES;
				"CODE_SIGN_IDENTITY[sdk=iphoneos*]" = "iPhone Developer";
				COPY_PHASE_STRIP = NO;
				GCC_C_LANGUAGE_STANDARD = gnu99;
				GCC_DYNAMIC_NO_PIC = NO;
				GCC_OPTIMIZATION_LEVEL = 0;
				GCC_PREPROCESSOR_DEFINITIONS = (
					"DEBUG=1",
					"$(inherited)",
				);
				GCC_SYMBOLS_PRIVATE_EXTERN = NO;
				GCC_WARN_64_TO_32_BIT_CONVERSION = YES;
				GCC_WARN_ABOUT_RETURN_TYPE = YES_ERROR;
				GCC_WARN_UNDECLARED_SELECTOR = YES;
				GCC_WARN_UNINITIALIZED_AUTOS = YES_AGGRESSIVE;
				GCC_WARN_UNUSED_FUNCTION = YES;
				GCC_WARN_UNUSED_VARIABLE = YES;
				IPHONEOS_DEPLOYMENT_TARGET = 7.1;
				ONLY_ACTIVE_ARCH = YES;
				SDKROOT = iphoneos;
			};
			name = Debug;
		};
		7E2753A11945795A007B2EEA /* Release */ = {
			isa = XCBuildConfiguration;
			buildSettings = {
				ALWAYS_SEARCH_USER_PATHS = NO;
				CLANG_CXX_LANGUAGE_STANDARD = "gnu++0x";
				CLANG_CXX_LIBRARY = "libc++";
				CLANG_ENABLE_MODULES = YES;
				CLANG_ENABLE_OBJC_ARC = YES;
				CLANG_WARN_BOOL_CONVERSION = YES;
				CLANG_WARN_CONSTANT_CONVERSION = YES;
				CLANG_WARN_DIRECT_OBJC_ISA_USAGE = YES_ERROR;
				CLANG_WARN_EMPTY_BODY = YES;
				CLANG_WARN_ENUM_CONVERSION = YES;
				CLANG_WARN_INT_CONVERSION = YES;
				CLANG_WARN_OBJC_ROOT_CLASS = YES_ERROR;
				CLANG_WARN__DUPLICATE_METHOD_MATCH = YES;
				"CODE_SIGN_IDENTITY[sdk=iphoneos*]" = "iPhone Developer";
				COPY_PHASE_STRIP = YES;
				ENABLE_NS_ASSERTIONS = NO;
				GCC_C_LANGUAGE_STANDARD = gnu99;
				GCC_WARN_64_TO_32_BIT_CONVERSION = YES;
				GCC_WARN_ABOUT_RETURN_TYPE = YES_ERROR;
				GCC_WARN_UNDECLARED_SELECTOR = YES;
				GCC_WARN_UNINITIALIZED_AUTOS = YES_AGGRESSIVE;
				GCC_WARN_UNUSED_FUNCTION = YES;
				GCC_WARN_UNUSED_VARIABLE = YES;
				IPHONEOS_DEPLOYMENT_TARGET = 7.1;
				SDKROOT = iphoneos;
				VALIDATE_PRODUCT = YES;
			};
			name = Release;
		};
		7E2753A31945795A007B2EEA /* Debug */ = {
			isa = XCBuildConfiguration;
			buildSettings = {
				ASSETCATALOG_COMPILER_APPICON_NAME = AppIcon;
				ASSETCATALOG_COMPILER_LAUNCHIMAGE_NAME = LaunchImage;
				GCC_PRECOMPILE_PREFIX_HEADER = YES;
				GCC_PREFIX_HEADER = "RottenTomatoes/RottenTomatoes-Prefix.pch";
				INFOPLIST_FILE = "RottenTomatoes/RottenTomatoes-Info.plist";
				PRODUCT_NAME = "$(TARGET_NAME)";
				WRAPPER_EXTENSION = app;
			};
			name = Debug;
		};
		7E2753A41945795A007B2EEA /* Release */ = {
			isa = XCBuildConfiguration;
			buildSettings = {
				ASSETCATALOG_COMPILER_APPICON_NAME = AppIcon;
				ASSETCATALOG_COMPILER_LAUNCHIMAGE_NAME = LaunchImage;
				GCC_PRECOMPILE_PREFIX_HEADER = YES;
				GCC_PREFIX_HEADER = "RottenTomatoes/RottenTomatoes-Prefix.pch";
				INFOPLIST_FILE = "RottenTomatoes/RottenTomatoes-Info.plist";
				PRODUCT_NAME = "$(TARGET_NAME)";
				WRAPPER_EXTENSION = app;
			};
			name = Release;
		};
		7E2753A61945795A007B2EEA /* Debug */ = {
			isa = XCBuildConfiguration;
			buildSettings = {
				BUNDLE_LOADER = "$(BUILT_PRODUCTS_DIR)/RottenTomatoes.app/RottenTomatoes";
				FRAMEWORK_SEARCH_PATHS = (
					"$(SDKROOT)/Developer/Library/Frameworks",
					"$(inherited)",
					"$(DEVELOPER_FRAMEWORKS_DIR)",
				);
				GCC_PRECOMPILE_PREFIX_HEADER = YES;
				GCC_PREFIX_HEADER = "RottenTomatoes/RottenTomatoes-Prefix.pch";
				GCC_PREPROCESSOR_DEFINITIONS = (
					"DEBUG=1",
					"$(inherited)",
				);
				INFOPLIST_FILE = "RottenTomatoesTests/RottenTomatoesTests-Info.plist";
				PRODUCT_NAME = "$(TARGET_NAME)";
				TEST_HOST = "$(BUNDLE_LOADER)";
				WRAPPER_EXTENSION = xctest;
			};
			name = Debug;
		};
		7E2753A71945795A007B2EEA /* Release */ = {
			isa = XCBuildConfiguration;
			buildSettings = {
				BUNDLE_LOADER = "$(BUILT_PRODUCTS_DIR)/RottenTomatoes.app/RottenTomatoes";
				FRAMEWORK_SEARCH_PATHS = (
					"$(SDKROOT)/Developer/Library/Frameworks",
					"$(inherited)",
					"$(DEVELOPER_FRAMEWORKS_DIR)",
				);
				GCC_PRECOMPILE_PREFIX_HEADER = YES;
				GCC_PREFIX_HEADER = "RottenTomatoes/RottenTomatoes-Prefix.pch";
				INFOPLIST_FILE = "RottenTomatoesTests/RottenTomatoesTests-Info.plist";
				PRODUCT_NAME = "$(TARGET_NAME)";
				TEST_HOST = "$(BUNDLE_LOADER)";
				WRAPPER_EXTENSION = xctest;
			};
			name = Release;
		};
/* End XCBuildConfiguration section */

/* Begin XCConfigurationList section */
		7E2753711945795A007B2EEA /* Build configuration list for PBXProject "RottenTomatoes" */ = {
			isa = XCConfigurationList;
			buildConfigurations = (
				7E2753A01945795A007B2EEA /* Debug */,
				7E2753A11945795A007B2EEA /* Release */,
			);
			defaultConfigurationIsVisible = 0;
			defaultConfigurationName = Release;
		};
		7E2753A21945795A007B2EEA /* Build configuration list for PBXNativeTarget "RottenTomatoes" */ = {
			isa = XCConfigurationList;
			buildConfigurations = (
				7E2753A31945795A007B2EEA /* Debug */,
				7E2753A41945795A007B2EEA /* Release */,
			);
			defaultConfigurationIsVisible = 0;
		};
		7E2753A51945795A007B2EEA /* Build configuration list for PBXNativeTarget "RottenTomatoesTests" */ = {
			isa = XCConfigurationList;
			buildConfigurations = (
				7E2753A61945795A007B2EEA /* Debug */,
				7E2753A71945795A007B2EEA /* Release */,
			);
			defaultConfigurationIsVisible = 0;
		};
/* End XCConfigurationList section */
	};
	rootObject = 7E27536E1945795A007B2EEA /* Project object */;
}
